
Microsoft Visual Studio Solution File, Format Version 12.00
# Visual Studio Version 17
VisualStudioVersion = 17.7.34031.279
MinimumVisualStudioVersion = 10.0.40219.1
Project("{8BC9CEB8-8B4A-11D0-8D11-00A0C91BC942}") = "Project1", "Project1.vcxproj", "{48172FF3-93FF-4449-A2CA-75FDE7069B00}"
EndProject
Global
	GlobalSection(SolutionConfigurationPlatforms) = preSolution
		Debug|x64 = Debug|x64
		Debug|x86 = Debug|x86
		Release|x64 = Release|x64
		Release|x86 = Release|x86
	EndGlobalSection
	GlobalSection(ProjectConfigurationPlatforms) = postSolution
		{48172FF3-93FF-4449-A2CA-75FDE7069B00}.Debug|x64.ActiveCfg = Debug|x64
		{48172FF3-93FF-4449-A2CA-75FDE7069B00}.Debug|x64.Build.0 = Debug|x64
		{48172FF3-93FF-4449-A2CA-75FDE7069B00}.Debug|x86.ActiveCfg = Debug|Win32
		{48172FF3-93FF-4449-A2CA-75FDE7069B00}.Debug|x86.Build.0 = Debug|Win32
		{48172FF3-93FF-4449-A2CA-75FDE7069B00}.Release|x64.ActiveCfg = Release|x64
		{48172FF3-93FF-4449-A2CA-75FDE7069B00}.Release|x64.Build.0 = Release|x64
		{48172FF3-93FF-4449-A2CA-75FDE7069B00}.Release|x86.ActiveCfg = Release|Win32
		{48172FF3-93FF-4449-A2CA-75FDE7069B00}.Release|x86.Build.0 = Release|Win32
	EndGlobalSection
	GlobalSection(SolutionProperties) = preSolution
		HideSolutionNode = FALSE
	EndGlobalSection
	GlobalSection(ExtensibilityGlobals) = postSolution
		SolutionGuid = {49BBC7A4-2274-4AA0-8F30-0B384AC80883}
	EndGlobalSection
EndGlobal
